
Microsoft Visual Studio Solution File, Format Version 11.00
# Visual Studio 2010
Project("{FAE04EC0-301F-11D3-BF4B-00C04F79EFBC}") = "StingyPrice", "StingyPrice\StingyPrice.csproj", "{401A51E3-003A-414E-90F3-99F731FED413}"
EndProject
Project("{FAE04EC0-301F-11D3-BF4B-00C04F79EFBC}") = "StingyPrice.Tests", "StingyPrice.Tests\StingyPrice.Tests.csproj", "{9C09E8BD-9F6A-4DB6-8FA8-67EDCD6350EE}"
EndProject
Project("{FAE04EC0-301F-11D3-BF4B-00C04F79EFBC}") = "StingyPriceDAL", "StingyPriceDAL\StingyPriceDAL.csproj", "{296F1C99-971D-4DFD-8CC8-456A90F69D88}"
EndProject
Project("{FAE04EC0-301F-11D3-BF4B-00C04F79EFBC}") = "SetupTestEnvironment", "SetupTestEnvironment\SetupTestEnvironment.csproj", "{FA9E0786-0B0D-4658-ABC3-14B1C2C42F03}"
EndProject
Project("{FAE04EC0-301F-11D3-BF4B-00C04F79EFBC}") = "DataAcquisition", "DataAcquisition\DataAcquisition.csproj", "{8816DA97-2F84-4AF6-8F95-CC2A91D5EF31}"
EndProject
Project("{2150E333-8FDC-42A3-9474-1A3956D46DE8}") = "Solution Items", "Solution Items", "{495DB7FC-F8C6-4FB7-81F5-90F6640E399D}"
	ProjectSection(SolutionItems) = preProject
		Local.testsettings = Local.testsettings
		StingyPrice.vsmdi = StingyPrice.vsmdi
	EndProjectSection
EndProject
Project("{FAE04EC0-301F-11D3-BF4B-00C04F79EFBC}") = "ParallelExtensionsExtras", "ParallelExtensionExtras\ParallelExtensionsExtras.csproj", "{C45218F8-09E7-4F57-85BC-5D8D2AC736A3}"
EndProject
Global
	GlobalSection(TestCaseManagementSettings) = postSolution
		CategoryFile = StingyPrice.vsmdi
	EndGlobalSection
	GlobalSection(SolutionConfigurationPlatforms) = preSolution
		Debug|Any CPU = Debug|Any CPU
		Debug|Mixed Platforms = Debug|Mixed Platforms
		Debug|x86 = Debug|x86
		Release|Any CPU = Release|Any CPU
		Release|Mixed Platforms = Release|Mixed Platforms
		Release|x86 = Release|x86
	EndGlobalSection
	GlobalSection(ProjectConfigurationPlatforms) = postSolution
		{401A51E3-003A-414E-90F3-99F731FED413}.Debug|Any CPU.ActiveCfg = Debug|Any CPU
		{401A51E3-003A-414E-90F3-99F731FED413}.Debug|Any CPU.Build.0 = Debug|Any CPU
		{401A51E3-003A-414E-90F3-99F731FED413}.Debug|Mixed Platforms.ActiveCfg = Debug|Any CPU
		{401A51E3-003A-414E-90F3-99F731FED413}.Debug|Mixed Platforms.Build.0 = Debug|Any CPU
		{401A51E3-003A-414E-90F3-99F731FED413}.Debug|x86.ActiveCfg = Debug|Any CPU
		{401A51E3-003A-414E-90F3-99F731FED413}.Release|Any CPU.ActiveCfg = Release|Any CPU
		{401A51E3-003A-414E-90F3-99F731FED413}.Release|Any CPU.Build.0 = Release|Any CPU
		{401A51E3-003A-414E-90F3-99F731FED413}.Release|Mixed Platforms.ActiveCfg = Release|Any CPU
		{401A51E3-003A-414E-90F3-99F731FED413}.Release|Mixed Platforms.Build.0 = Release|Any CPU
		{401A51E3-003A-414E-90F3-99F731FED413}.Release|x86.ActiveCfg = Release|Any CPU
		{9C09E8BD-9F6A-4DB6-8FA8-67EDCD6350EE}.Debug|Any CPU.ActiveCfg = Debug|Any CPU
		{9C09E8BD-9F6A-4DB6-8FA8-67EDCD6350EE}.Debug|Any CPU.Build.0 = Debug|Any CPU
		{9C09E8BD-9F6A-4DB6-8FA8-67EDCD6350EE}.Debug|Mixed Platforms.ActiveCfg = Debug|Any CPU
		{9C09E8BD-9F6A-4DB6-8FA8-67EDCD6350EE}.Debug|Mixed Platforms.Build.0 = Debug|Any CPU
		{9C09E8BD-9F6A-4DB6-8FA8-67EDCD6350EE}.Debug|x86.ActiveCfg = Debug|Any CPU
		{9C09E8BD-9F6A-4DB6-8FA8-67EDCD6350EE}.Release|Any CPU.ActiveCfg = Release|Any CPU
		{9C09E8BD-9F6A-4DB6-8FA8-67EDCD6350EE}.Release|Any CPU.Build.0 = Release|Any CPU
		{9C09E8BD-9F6A-4DB6-8FA8-67EDCD6350EE}.Release|Mixed Platforms.ActiveCfg = Release|Any CPU
		{9C09E8BD-9F6A-4DB6-8FA8-67EDCD6350EE}.Release|Mixed Platforms.Build.0 = Release|Any CPU
		{9C09E8BD-9F6A-4DB6-8FA8-67EDCD6350EE}.Release|x86.ActiveCfg = Release|Any CPU
		{296F1C99-971D-4DFD-8CC8-456A90F69D88}.Debug|Any CPU.ActiveCfg = Debug|Any CPU
		{296F1C99-971D-4DFD-8CC8-456A90F69D88}.Debug|Any CPU.Build.0 = Debug|Any CPU
		{296F1C99-971D-4DFD-8CC8-456A90F69D88}.Debug|Mixed Platforms.ActiveCfg = Debug|Any CPU
		{296F1C99-971D-4DFD-8CC8-456A90F69D88}.Debug|Mixed Platforms.Build.0 = Debug|Any CPU
		{296F1C99-971D-4DFD-8CC8-456A90F69D88}.Debug|x86.ActiveCfg = Debug|Any CPU
		{296F1C99-971D-4DFD-8CC8-456A90F69D88}.Release|Any CPU.ActiveCfg = Release|Any CPU
		{296F1C99-971D-4DFD-8CC8-456A90F69D88}.Release|Any CPU.Build.0 = Release|Any CPU
		{296F1C99-971D-4DFD-8CC8-456A90F69D88}.Release|Mixed Platforms.ActiveCfg = Release|Any CPU
		{296F1C99-971D-4DFD-8CC8-456A90F69D88}.Release|Mixed Platforms.Build.0 = Release|Any CPU
		{296F1C99-971D-4DFD-8CC8-456A90F69D88}.Release|x86.ActiveCfg = Release|Any CPU
		{FA9E0786-0B0D-4658-ABC3-14B1C2C42F03}.Debug|Any CPU.ActiveCfg = Debug|x86
		{FA9E0786-0B0D-4658-ABC3-14B1C2C42F03}.Debug|Mixed Platforms.ActiveCfg = Debug|x86
		{FA9E0786-0B0D-4658-ABC3-14B1C2C42F03}.Debug|Mixed Platforms.Build.0 = Debug|x86
		{FA9E0786-0B0D-4658-ABC3-14B1C2C42F03}.Debug|x86.ActiveCfg = Debug|x86
		{FA9E0786-0B0D-4658-ABC3-14B1C2C42F03}.Debug|x86.Build.0 = Debug|x86
		{FA9E0786-0B0D-4658-ABC3-14B1C2C42F03}.Release|Any CPU.ActiveCfg = Release|x86
		{FA9E0786-0B0D-4658-ABC3-14B1C2C42F03}.Release|Mixed Platforms.ActiveCfg = Release|x86
		{FA9E0786-0B0D-4658-ABC3-14B1C2C42F03}.Release|Mixed Platforms.Build.0 = Release|x86
		{FA9E0786-0B0D-4658-ABC3-14B1C2C42F03}.Release|x86.ActiveCfg = Release|x86
		{FA9E0786-0B0D-4658-ABC3-14B1C2C42F03}.Release|x86.Build.0 = Release|x86
		{8816DA97-2F84-4AF6-8F95-CC2A91D5EF31}.Debug|Any CPU.ActiveCfg = Debug|Any CPU
		{8816DA97-2F84-4AF6-8F95-CC2A91D5EF31}.Debug|Any CPU.Build.0 = Debug|Any CPU
		{8816DA97-2F84-4AF6-8F95-CC2A91D5EF31}.Debug|Mixed Platforms.ActiveCfg = Debug|Any CPU
		{8816DA97-2F84-4AF6-8F95-CC2A91D5EF31}.Debug|Mixed Platforms.Build.0 = Debug|Any CPU
		{8816DA97-2F84-4AF6-8F95-CC2A91D5EF31}.Debug|x86.ActiveCfg = Debug|Any CPU
		{8816DA97-2F84-4AF6-8F95-CC2A91D5EF31}.Release|Any CPU.ActiveCfg = Release|Any CPU
		{8816DA97-2F84-4AF6-8F95-CC2A91D5EF31}.Release|Any CPU.Build.0 = Release|Any CPU
		{8816DA97-2F84-4AF6-8F95-CC2A91D5EF31}.Release|Mixed Platforms.ActiveCfg = Release|Any CPU
		{8816DA97-2F84-4AF6-8F95-CC2A91D5EF31}.Release|Mixed Platforms.Build.0 = Release|Any CPU
		{8816DA97-2F84-4AF6-8F95-CC2A91D5EF31}.Release|x86.ActiveCfg = Release|Any CPU
		{C45218F8-09E7-4F57-85BC-5D8D2AC736A3}.Debug|Any CPU.ActiveCfg = Debug|Any CPU
		{C45218F8-09E7-4F57-85BC-5D8D2AC736A3}.Debug|Any CPU.Build.0 = Debug|Any CPU
		{C45218F8-09E7-4F57-85BC-5D8D2AC736A3}.Debug|Mixed Platforms.ActiveCfg = Debug|Any CPU
		{C45218F8-09E7-4F57-85BC-5D8D2AC736A3}.Debug|Mixed Platforms.Build.0 = Debug|Any CPU
		{C45218F8-09E7-4F57-85BC-5D8D2AC736A3}.Debug|x86.ActiveCfg = Debug|Any CPU
		{C45218F8-09E7-4F57-85BC-5D8D2AC736A3}.Release|Any CPU.ActiveCfg = Release|Any CPU
		{C45218F8-09E7-4F57-85BC-5D8D2AC736A3}.Release|Any CPU.Build.0 = Release|Any CPU
		{C45218F8-09E7-4F57-85BC-5D8D2AC736A3}.Release|Mixed Platforms.ActiveCfg = Release|Any CPU
		{C45218F8-09E7-4F57-85BC-5D8D2AC736A3}.Release|Mixed Platforms.Build.0 = Release|Any CPU
		{C45218F8-09E7-4F57-85BC-5D8D2AC736A3}.Release|x86.ActiveCfg = Release|Any CPU
	EndGlobalSection
	GlobalSection(SolutionProperties) = preSolution
		HideSolutionNode = FALSE
	EndGlobalSection
	GlobalSection(ExtensibilityGlobals) = postSolution
		EnterpriseLibraryConfigurationToolBinariesPath = packages\Unity.2.1.505.0\lib\NET35
	EndGlobalSection
EndGlobal
